
Microsoft Visual Studio Solution File, Format Version 12.00
# Visual Studio Version 16
VisualStudioVersion = 16.0.31613.86
MinimumVisualStudioVersion = 10.0.40219.1
Project("{FAE04EC0-301F-11D3-BF4B-00C04F79EFBC}") = "Program4", "Program4\Program4.csproj", "{C57861D6-809A-430E-B8A9-0C26F4BFE79D}"
EndProject
Global
	GlobalSection(SolutionConfigurationPlatforms) = preSolution
		Debug|Any CPU = Debug|Any CPU
		Release|Any CPU = Release|Any CPU
	EndGlobalSection
	GlobalSection(ProjectConfigurationPlatforms) = postSolution
		{C57861D6-809A-430E-B8A9-0C26F4BFE79D}.Debug|Any CPU.ActiveCfg = Debug|Any CPU
		{C57861D6-809A-430E-B8A9-0C26F4BFE79D}.Debug|Any CPU.Build.0 = Debug|Any CPU
		{C57861D6-809A-430E-B8A9-0C26F4BFE79D}.Release|Any CPU.ActiveCfg = Release|Any CPU
		{C57861D6-809A-430E-B8A9-0C26F4BFE79D}.Release|Any CPU.Build.0 = Release|Any CPU
	EndGlobalSection
	GlobalSection(SolutionProperties) = preSolution
		HideSolutionNode = FALSE
	EndGlobalSection
	GlobalSection(ExtensibilityGlobals) = postSolution
		SolutionGuid = {0C708B62-CFA9-41F2-85AB-7468111FDC39}
	EndGlobalSection
EndGlobal
